
Microsoft Visual Studio Solution File, Format Version 12.00
# Visual Studio 15
Project("{FAE04EC0-301F-11D3-BF4B-00C04F79EFBC}") = "Assembly-CSharp", "Assembly-CSharp.csproj", "{BA86BE62-B26C-6639-80F6-4AFA15E19C3A}"
EndProject
Project("{FAE04EC0-301F-11D3-BF4B-00C04F79EFBC}") = "Assembly-CSharp-Editor", "Assembly-CSharp-Editor.csproj", "{85F5BDAD-BF26-0CC1-8E63-053E5B4E9A1B}"
EndProject
Global
	GlobalSection(SolutionConfigurationPlatforms) = preSolution
		Debug|Any CPU = Debug|Any CPU
		Release|Any CPU = Release|Any CPU
	EndGlobalSection
	GlobalSection(ProjectConfigurationPlatforms) = postSolution
		{BA86BE62-B26C-6639-80F6-4AFA15E19C3A}.Debug|Any CPU.ActiveCfg = Debug|Any CPU
		{BA86BE62-B26C-6639-80F6-4AFA15E19C3A}.Debug|Any CPU.Build.0 = Debug|Any CPU
		{BA86BE62-B26C-6639-80F6-4AFA15E19C3A}.Release|Any CPU.ActiveCfg = Release|Any CPU
		{BA86BE62-B26C-6639-80F6-4AFA15E19C3A}.Release|Any CPU.Build.0 = Release|Any CPU
		{85F5BDAD-BF26-0CC1-8E63-053E5B4E9A1B}.Debug|Any CPU.ActiveCfg = Debug|Any CPU
		{85F5BDAD-BF26-0CC1-8E63-053E5B4E9A1B}.Debug|Any CPU.Build.0 = Debug|Any CPU
		{85F5BDAD-BF26-0CC1-8E63-053E5B4E9A1B}.Release|Any CPU.ActiveCfg = Release|Any CPU
		{85F5BDAD-BF26-0CC1-8E63-053E5B4E9A1B}.Release|Any CPU.Build.0 = Release|Any CPU
	EndGlobalSection
	GlobalSection(SolutionProperties) = preSolution
		HideSolutionNode = FALSE
	EndGlobalSection
EndGlobal
